
Microsoft Visual Studio Solution File, Format Version 11.00
# Visual Studio 2010
Project("{FAE04EC0-301F-11D3-BF4B-00C04F79EFBC}") = "Mappy", "Mappy.csproj", "{D4FC530F-D7CD-47AF-A375-A8CEFC5DA5A0}"
EndProject
Project("{FAE04EC0-301F-11D3-BF4B-00C04F79EFBC}") = "Mappy.iOS", "Mappy.iOS\Mappy.iOS.csproj", "{81EC03C8-6005-4369-927E-ED134B38331A}"
EndProject
Project("{FAE04EC0-301F-11D3-BF4B-00C04F79EFBC}") = "Mappy.Common", "Mappy.Common\Mappy.Common.csproj", "{A7025ED5-B104-45CA-816B-1B0BCEFEFE33}"
EndProject
Project("{FAE04EC0-301F-11D3-BF4B-00C04F79EFBC}") = "Mappy.Common.Android", "Mappy.Common.Android\Mappy.Common.Android.csproj", "{88C87C3E-DBB8-4BFC-B30A-73EAE06F2540}"
EndProject
Project("{FAE04EC0-301F-11D3-BF4B-00C04F79EFBC}") = "Mappy.Common.iOS", "Mappy.Common.iOS\Mappy.Common.iOS.csproj", "{F075D359-E576-4B51-BA59-4F18C1A4473A}"
EndProject
Project("{FAE04EC0-301F-11D3-BF4B-00C04F79EFBC}") = "GooglePlayServices", "GooglePlayServices\GooglePlayServices.csproj", "{54AC6F23-2A0C-432F-BDDD-4838AF0BAA96}"
EndProject
Global
	GlobalSection(SolutionConfigurationPlatforms) = preSolution
		Debug|Any CPU = Debug|Any CPU
		Release|Any CPU = Release|Any CPU
		Debug_Froyo|Any CPU = Debug_Froyo|Any CPU
		Debug|iPhoneSimulator = Debug|iPhoneSimulator
		Release|iPhoneSimulator = Release|iPhoneSimulator
		Debug|iPhone = Debug|iPhone
		Release|iPhone = Release|iPhone
		Ad-Hoc|iPhone = Ad-Hoc|iPhone
		AppStore|iPhone = AppStore|iPhone
	EndGlobalSection
	GlobalSection(ProjectConfigurationPlatforms) = postSolution
		{54AC6F23-2A0C-432F-BDDD-4838AF0BAA96}.Ad-Hoc|iPhone.ActiveCfg = Debug|Any CPU
		{54AC6F23-2A0C-432F-BDDD-4838AF0BAA96}.Ad-Hoc|iPhone.Build.0 = Debug|Any CPU
		{54AC6F23-2A0C-432F-BDDD-4838AF0BAA96}.AppStore|iPhone.ActiveCfg = Debug|Any CPU
		{54AC6F23-2A0C-432F-BDDD-4838AF0BAA96}.AppStore|iPhone.Build.0 = Debug|Any CPU
		{54AC6F23-2A0C-432F-BDDD-4838AF0BAA96}.Debug_Froyo|Any CPU.ActiveCfg = Debug|Any CPU
		{54AC6F23-2A0C-432F-BDDD-4838AF0BAA96}.Debug_Froyo|Any CPU.Build.0 = Debug|Any CPU
		{54AC6F23-2A0C-432F-BDDD-4838AF0BAA96}.Debug|Any CPU.ActiveCfg = Debug|Any CPU
		{54AC6F23-2A0C-432F-BDDD-4838AF0BAA96}.Debug|Any CPU.Build.0 = Debug|Any CPU
		{54AC6F23-2A0C-432F-BDDD-4838AF0BAA96}.Debug|iPhone.ActiveCfg = Debug|Any CPU
		{54AC6F23-2A0C-432F-BDDD-4838AF0BAA96}.Debug|iPhone.Build.0 = Debug|Any CPU
		{54AC6F23-2A0C-432F-BDDD-4838AF0BAA96}.Debug|iPhoneSimulator.ActiveCfg = Debug|Any CPU
		{54AC6F23-2A0C-432F-BDDD-4838AF0BAA96}.Debug|iPhoneSimulator.Build.0 = Debug|Any CPU
		{54AC6F23-2A0C-432F-BDDD-4838AF0BAA96}.Release|Any CPU.ActiveCfg = Release|Any CPU
		{54AC6F23-2A0C-432F-BDDD-4838AF0BAA96}.Release|Any CPU.Build.0 = Release|Any CPU
		{54AC6F23-2A0C-432F-BDDD-4838AF0BAA96}.Release|iPhone.ActiveCfg = Release|Any CPU
		{54AC6F23-2A0C-432F-BDDD-4838AF0BAA96}.Release|iPhone.Build.0 = Release|Any CPU
		{54AC6F23-2A0C-432F-BDDD-4838AF0BAA96}.Release|iPhoneSimulator.ActiveCfg = Release|Any CPU
		{54AC6F23-2A0C-432F-BDDD-4838AF0BAA96}.Release|iPhoneSimulator.Build.0 = Release|Any CPU
		{81EC03C8-6005-4369-927E-ED134B38331A}.Ad-Hoc|iPhone.ActiveCfg = Ad-Hoc|iPhone
		{81EC03C8-6005-4369-927E-ED134B38331A}.Ad-Hoc|iPhone.Build.0 = Ad-Hoc|iPhone
		{81EC03C8-6005-4369-927E-ED134B38331A}.AppStore|iPhone.ActiveCfg = AppStore|iPhone
		{81EC03C8-6005-4369-927E-ED134B38331A}.AppStore|iPhone.Build.0 = AppStore|iPhone
		{81EC03C8-6005-4369-927E-ED134B38331A}.Debug_Froyo|Any CPU.ActiveCfg = Debug|iPhoneSimulator
		{81EC03C8-6005-4369-927E-ED134B38331A}.Debug_Froyo|Any CPU.Build.0 = Debug|iPhoneSimulator
		{81EC03C8-6005-4369-927E-ED134B38331A}.Debug|Any CPU.ActiveCfg = Debug|iPhoneSimulator
		{81EC03C8-6005-4369-927E-ED134B38331A}.Debug|Any CPU.Build.0 = Debug|iPhoneSimulator
		{81EC03C8-6005-4369-927E-ED134B38331A}.Debug|iPhone.ActiveCfg = Debug|iPhone
		{81EC03C8-6005-4369-927E-ED134B38331A}.Debug|iPhone.Build.0 = Debug|iPhone
		{81EC03C8-6005-4369-927E-ED134B38331A}.Debug|iPhoneSimulator.ActiveCfg = Debug|iPhoneSimulator
		{81EC03C8-6005-4369-927E-ED134B38331A}.Debug|iPhoneSimulator.Build.0 = Debug|iPhoneSimulator
		{81EC03C8-6005-4369-927E-ED134B38331A}.Release|Any CPU.ActiveCfg = Release|iPhoneSimulator
		{81EC03C8-6005-4369-927E-ED134B38331A}.Release|Any CPU.Build.0 = Release|iPhoneSimulator
		{81EC03C8-6005-4369-927E-ED134B38331A}.Release|iPhone.ActiveCfg = Release|iPhone
		{81EC03C8-6005-4369-927E-ED134B38331A}.Release|iPhone.Build.0 = Release|iPhone
		{81EC03C8-6005-4369-927E-ED134B38331A}.Release|iPhoneSimulator.ActiveCfg = Release|iPhoneSimulator
		{81EC03C8-6005-4369-927E-ED134B38331A}.Release|iPhoneSimulator.Build.0 = Release|iPhoneSimulator
		{88C87C3E-DBB8-4BFC-B30A-73EAE06F2540}.Ad-Hoc|iPhone.ActiveCfg = Debug|Any CPU
		{88C87C3E-DBB8-4BFC-B30A-73EAE06F2540}.Ad-Hoc|iPhone.Build.0 = Debug|Any CPU
		{88C87C3E-DBB8-4BFC-B30A-73EAE06F2540}.AppStore|iPhone.ActiveCfg = Debug|Any CPU
		{88C87C3E-DBB8-4BFC-B30A-73EAE06F2540}.AppStore|iPhone.Build.0 = Debug|Any CPU
		{88C87C3E-DBB8-4BFC-B30A-73EAE06F2540}.Debug_Froyo|Any CPU.ActiveCfg = Debug|Any CPU
		{88C87C3E-DBB8-4BFC-B30A-73EAE06F2540}.Debug_Froyo|Any CPU.Build.0 = Debug|Any CPU
		{88C87C3E-DBB8-4BFC-B30A-73EAE06F2540}.Debug|Any CPU.ActiveCfg = Debug|Any CPU
		{88C87C3E-DBB8-4BFC-B30A-73EAE06F2540}.Debug|Any CPU.Build.0 = Debug|Any CPU
		{88C87C3E-DBB8-4BFC-B30A-73EAE06F2540}.Debug|iPhone.ActiveCfg = Debug|Any CPU
		{88C87C3E-DBB8-4BFC-B30A-73EAE06F2540}.Debug|iPhone.Build.0 = Debug|Any CPU
		{88C87C3E-DBB8-4BFC-B30A-73EAE06F2540}.Debug|iPhoneSimulator.ActiveCfg = Debug|Any CPU
		{88C87C3E-DBB8-4BFC-B30A-73EAE06F2540}.Debug|iPhoneSimulator.Build.0 = Debug|Any CPU
		{88C87C3E-DBB8-4BFC-B30A-73EAE06F2540}.Release|Any CPU.ActiveCfg = Release|Any CPU
		{88C87C3E-DBB8-4BFC-B30A-73EAE06F2540}.Release|Any CPU.Build.0 = Release|Any CPU
		{88C87C3E-DBB8-4BFC-B30A-73EAE06F2540}.Release|iPhone.ActiveCfg = Release|Any CPU
		{88C87C3E-DBB8-4BFC-B30A-73EAE06F2540}.Release|iPhone.Build.0 = Release|Any CPU
		{88C87C3E-DBB8-4BFC-B30A-73EAE06F2540}.Release|iPhoneSimulator.ActiveCfg = Release|Any CPU
		{88C87C3E-DBB8-4BFC-B30A-73EAE06F2540}.Release|iPhoneSimulator.Build.0 = Release|Any CPU
		{A7025ED5-B104-45CA-816B-1B0BCEFEFE33}.Ad-Hoc|iPhone.ActiveCfg = Debug|Any CPU
		{A7025ED5-B104-45CA-816B-1B0BCEFEFE33}.Ad-Hoc|iPhone.Build.0 = Debug|Any CPU
		{A7025ED5-B104-45CA-816B-1B0BCEFEFE33}.AppStore|iPhone.ActiveCfg = Debug|Any CPU
		{A7025ED5-B104-45CA-816B-1B0BCEFEFE33}.AppStore|iPhone.Build.0 = Debug|Any CPU
		{A7025ED5-B104-45CA-816B-1B0BCEFEFE33}.Debug_Froyo|Any CPU.ActiveCfg = Debug|Any CPU
		{A7025ED5-B104-45CA-816B-1B0BCEFEFE33}.Debug_Froyo|Any CPU.Build.0 = Debug|Any CPU
		{A7025ED5-B104-45CA-816B-1B0BCEFEFE33}.Debug|Any CPU.ActiveCfg = Debug|Any CPU
		{A7025ED5-B104-45CA-816B-1B0BCEFEFE33}.Debug|Any CPU.Build.0 = Debug|Any CPU
		{A7025ED5-B104-45CA-816B-1B0BCEFEFE33}.Debug|iPhone.ActiveCfg = Debug|Any CPU
		{A7025ED5-B104-45CA-816B-1B0BCEFEFE33}.Debug|iPhone.Build.0 = Debug|Any CPU
		{A7025ED5-B104-45CA-816B-1B0BCEFEFE33}.Debug|iPhoneSimulator.ActiveCfg = Debug|Any CPU
		{A7025ED5-B104-45CA-816B-1B0BCEFEFE33}.Debug|iPhoneSimulator.Build.0 = Debug|Any CPU
		{A7025ED5-B104-45CA-816B-1B0BCEFEFE33}.Release|Any CPU.ActiveCfg = Release|Any CPU
		{A7025ED5-B104-45CA-816B-1B0BCEFEFE33}.Release|Any CPU.Build.0 = Release|Any CPU
		{A7025ED5-B104-45CA-816B-1B0BCEFEFE33}.Release|iPhone.ActiveCfg = Release|Any CPU
		{A7025ED5-B104-45CA-816B-1B0BCEFEFE33}.Release|iPhone.Build.0 = Release|Any CPU
		{A7025ED5-B104-45CA-816B-1B0BCEFEFE33}.Release|iPhoneSimulator.ActiveCfg = Release|Any CPU
		{A7025ED5-B104-45CA-816B-1B0BCEFEFE33}.Release|iPhoneSimulator.Build.0 = Release|Any CPU
		{D4FC530F-D7CD-47AF-A375-A8CEFC5DA5A0}.Ad-Hoc|iPhone.ActiveCfg = Debug|Any CPU
		{D4FC530F-D7CD-47AF-A375-A8CEFC5DA5A0}.Ad-Hoc|iPhone.Build.0 = Debug|Any CPU
		{D4FC530F-D7CD-47AF-A375-A8CEFC5DA5A0}.AppStore|iPhone.ActiveCfg = Debug|Any CPU
		{D4FC530F-D7CD-47AF-A375-A8CEFC5DA5A0}.AppStore|iPhone.Build.0 = Debug|Any CPU
		{D4FC530F-D7CD-47AF-A375-A8CEFC5DA5A0}.Debug_Froyo|Any CPU.ActiveCfg = Debug|Any CPU
		{D4FC530F-D7CD-47AF-A375-A8CEFC5DA5A0}.Debug_Froyo|Any CPU.Build.0 = Debug|Any CPU
		{D4FC530F-D7CD-47AF-A375-A8CEFC5DA5A0}.Debug|Any CPU.ActiveCfg = Debug|Any CPU
		{D4FC530F-D7CD-47AF-A375-A8CEFC5DA5A0}.Debug|Any CPU.Build.0 = Debug|Any CPU
		{D4FC530F-D7CD-47AF-A375-A8CEFC5DA5A0}.Debug|iPhone.ActiveCfg = Debug|Any CPU
		{D4FC530F-D7CD-47AF-A375-A8CEFC5DA5A0}.Debug|iPhone.Build.0 = Debug|Any CPU
		{D4FC530F-D7CD-47AF-A375-A8CEFC5DA5A0}.Debug|iPhoneSimulator.ActiveCfg = Debug|Any CPU
		{D4FC530F-D7CD-47AF-A375-A8CEFC5DA5A0}.Debug|iPhoneSimulator.Build.0 = Debug|Any CPU
		{D4FC530F-D7CD-47AF-A375-A8CEFC5DA5A0}.Release|Any CPU.ActiveCfg = Release|Any CPU
		{D4FC530F-D7CD-47AF-A375-A8CEFC5DA5A0}.Release|Any CPU.Build.0 = Release|Any CPU
		{D4FC530F-D7CD-47AF-A375-A8CEFC5DA5A0}.Release|iPhone.ActiveCfg = Release|Any CPU
		{D4FC530F-D7CD-47AF-A375-A8CEFC5DA5A0}.Release|iPhone.Build.0 = Release|Any CPU
		{D4FC530F-D7CD-47AF-A375-A8CEFC5DA5A0}.Release|iPhoneSimulator.ActiveCfg = Release|Any CPU
		{D4FC530F-D7CD-47AF-A375-A8CEFC5DA5A0}.Release|iPhoneSimulator.Build.0 = Release|Any CPU
		{F075D359-E576-4B51-BA59-4F18C1A4473A}.Ad-Hoc|iPhone.ActiveCfg = Debug|Any CPU
		{F075D359-E576-4B51-BA59-4F18C1A4473A}.Ad-Hoc|iPhone.Build.0 = Debug|Any CPU
		{F075D359-E576-4B51-BA59-4F18C1A4473A}.AppStore|iPhone.ActiveCfg = Debug|Any CPU
		{F075D359-E576-4B51-BA59-4F18C1A4473A}.AppStore|iPhone.Build.0 = Debug|Any CPU
		{F075D359-E576-4B51-BA59-4F18C1A4473A}.Debug_Froyo|Any CPU.ActiveCfg = Debug|Any CPU
		{F075D359-E576-4B51-BA59-4F18C1A4473A}.Debug_Froyo|Any CPU.Build.0 = Debug|Any CPU
		{F075D359-E576-4B51-BA59-4F18C1A4473A}.Debug|Any CPU.ActiveCfg = Debug|Any CPU
		{F075D359-E576-4B51-BA59-4F18C1A4473A}.Debug|Any CPU.Build.0 = Debug|Any CPU
		{F075D359-E576-4B51-BA59-4F18C1A4473A}.Debug|iPhone.ActiveCfg = Debug|Any CPU
		{F075D359-E576-4B51-BA59-4F18C1A4473A}.Debug|iPhone.Build.0 = Debug|Any CPU
		{F075D359-E576-4B51-BA59-4F18C1A4473A}.Debug|iPhoneSimulator.ActiveCfg = Debug|Any CPU
		{F075D359-E576-4B51-BA59-4F18C1A4473A}.Debug|iPhoneSimulator.Build.0 = Debug|Any CPU
		{F075D359-E576-4B51-BA59-4F18C1A4473A}.Release|Any CPU.ActiveCfg = Release|Any CPU
		{F075D359-E576-4B51-BA59-4F18C1A4473A}.Release|Any CPU.Build.0 = Release|Any CPU
		{F075D359-E576-4B51-BA59-4F18C1A4473A}.Release|iPhone.ActiveCfg = Release|Any CPU
		{F075D359-E576-4B51-BA59-4F18C1A4473A}.Release|iPhone.Build.0 = Release|Any CPU
		{F075D359-E576-4B51-BA59-4F18C1A4473A}.Release|iPhoneSimulator.ActiveCfg = Release|Any CPU
		{F075D359-E576-4B51-BA59-4F18C1A4473A}.Release|iPhoneSimulator.Build.0 = Release|Any CPU
	EndGlobalSection
	GlobalSection(MonoDevelopProperties) = preSolution
		StartupItem = Mappy.csproj
	EndGlobalSection
EndGlobal
